
Microsoft Visual Studio Solution File, Format Version 11.00
# Visual Studio 2010
Project("{FAE04EC0-301F-11D3-BF4B-00C04F79EFBC}") = "观察者模式", "观察者模式\观察者模式.csproj", "{C62E1B59-DEC2-4278-B25B-D9E94D3F9F33}"
EndProject
Project("{FAE04EC0-301F-11D3-BF4B-00C04F79EFBC}") = "观察者模式之事件委托", "观察者模式之事件委托\观察者模式之事件委托.csproj", "{C59FE5E7-4BB8-4D72-BAB7-18CD3C7725E9}"
EndProject
Project("{2150E333-8FDC-42A3-9474-1A3956D46DE8}") = "工厂方法模式", "工厂方法模式", "{F521B661-41E1-47D7-82E6-8E11F420C016}"
EndProject
Project("{2150E333-8FDC-42A3-9474-1A3956D46DE8}") = "观察者模式", "观察者模式", "{CB5A9712-E7A7-4B6C-B283-D58FE48B9842}"
EndProject
Project("{2150E333-8FDC-42A3-9474-1A3956D46DE8}") = "抽象工厂模式", "抽象工厂模式", "{E42F19DC-A439-46F9-AC44-01D8D0A9C105}"
EndProject
Project("{2150E333-8FDC-42A3-9474-1A3956D46DE8}") = "代理模式", "代理模式", "{3BE5DC2B-375C-4787-A15C-393EFD763D5D}"
EndProject
Project("{2150E333-8FDC-42A3-9474-1A3956D46DE8}") = "单例模式", "单例模式", "{53854F8C-578A-4CAA-8F55-9ADD42216099}"
EndProject
Project("{FAE04EC0-301F-11D3-BF4B-00C04F79EFBC}") = "Singleton[简单实现]", "Singleton[简单实现]\Singleton[简单实现].csproj", "{785259D5-2839-4B20-A182-6F18EF39919D}"
EndProject
Project("{FAE04EC0-301F-11D3-BF4B-00C04F79EFBC}") = "Singleton[安全的线程]", "Singleton[安全的线程]\Singleton[安全的线程].csproj", "{82692DA6-BB80-4062-9822-35F94ADB03A7}"
EndProject
Project("{FAE04EC0-301F-11D3-BF4B-00C04F79EFBC}") = "Singleton[双重锁定]", "Singleton[双重锁定]\Singleton[双重锁定].csproj", "{5F814F49-14F2-4DC3-94E2-73CD4FC9DE40}"
EndProject
Project("{FAE04EC0-301F-11D3-BF4B-00C04F79EFBC}") = "Singleton[静态初始化]", "Singleton[静态初始化]\Singleton[静态初始化].csproj", "{EF2E7758-CCE7-4076-9234-0B130AD50883}"
EndProject
Project("{FAE04EC0-301F-11D3-BF4B-00C04F79EFBC}") = "Singleton[延迟初始化]", "Singleton[延迟初始化]\Singleton[延迟初始化].csproj", "{AC4FBC34-85BD-4256-A55D-3C12239F8235}"
EndProject
Project("{FAE04EC0-301F-11D3-BF4B-00C04F79EFBC}") = "Singleton[计数器例子]", "Singleton[计数器例子]\Singleton[计数器例子].csproj", "{F481C25D-A835-4A89-99F7-EA06F40BFD5F}"
EndProject
Project("{FAE04EC0-301F-11D3-BF4B-00C04F79EFBC}") = "AbstractFactory", "抽象工厂模式\AbstractFactory\AbstractFactory.csproj", "{7F7BE62E-8E76-44DB-A1CC-AD16F562BA2C}"
EndProject
Project("{2150E333-8FDC-42A3-9474-1A3956D46DE8}") = "简单工厂模式", "简单工厂模式", "{4045B4E3-A5C9-48BB-BF5B-419581E4693E}"
EndProject
Project("{FAE04EC0-301F-11D3-BF4B-00C04F79EFBC}") = "简易计算器", "简易计算器\简易计算器.csproj", "{A929461F-93F3-4453-8916-51C9AF0C772C}"
EndProject
Project("{FAE04EC0-301F-11D3-BF4B-00C04F79EFBC}") = "工厂方法模式[计算器]", "工厂方法模式[计算器]\工厂方法模式[计算器].csproj", "{59EBF505-1EF9-4B7A-A946-1D338893E350}"
EndProject
Project("{FAE04EC0-301F-11D3-BF4B-00C04F79EFBC}") = "Domain", "抽象工厂模式\Domain\Domain.csproj", "{82420B7A-C5B9-4D26-A8E2-3716985EEC26}"
EndProject
Project("{FAE04EC0-301F-11D3-BF4B-00C04F79EFBC}") = "SqlServerDal", "抽象工厂模式\SqlServerDal\SqlServerDal.csproj", "{51F1B094-A1AB-48B1-A5A8-C3DA2AF51B7A}"
EndProject
Project("{FAE04EC0-301F-11D3-BF4B-00C04F79EFBC}") = "AccessDal", "抽象工厂模式\AccessDal\AccessDal.csproj", "{D5B4316C-BE04-4136-9087-E72AD1629D31}"
EndProject
Project("{FAE04EC0-301F-11D3-BF4B-00C04F79EFBC}") = "Client", "抽象工厂模式\Client\Client.csproj", "{57945950-E5E6-443E-9323-2086119C81E0}"
EndProject
Project("{FAE04EC0-301F-11D3-BF4B-00C04F79EFBC}") = "代理模式[代追妹妹]", "代理模式[代追妹妹]\代理模式[代追妹妹].csproj", "{03CE05C7-BAF3-455B-A99B-DF9FFEA94156}"
EndProject
Project("{2150E333-8FDC-42A3-9474-1A3956D46DE8}") = "适配器模式", "适配器模式", "{3D265DC2-4A0B-456F-9DE9-1EBABD991EAC}"
EndProject
Project("{2150E333-8FDC-42A3-9474-1A3956D46DE8}") = "策略模式", "策略模式", "{D52E7E51-F233-4F43-A9B4-B6B74541A621}"
EndProject
Project("{FAE04EC0-301F-11D3-BF4B-00C04F79EFBC}") = "适配器模式[篮球翻译]", "适配器模式[篮球翻译]\适配器模式[篮球翻译].csproj", "{006C8BC7-EE3B-405F-AE79-126995DF174C}"
EndProject
Project("{2150E333-8FDC-42A3-9474-1A3956D46DE8}") = "模板方法模式", "模板方法模式", "{0EA947A9-487A-4778-9893-3D6023BF76B3}"
EndProject
Project("{FAE04EC0-301F-11D3-BF4B-00C04F79EFBC}") = "策略模式[超市收银]", "策略模式[超市收银]\策略模式[超市收银].csproj", "{925F9EE7-1518-4A66-8384-8022845EC97A}"
EndProject
Project("{2150E333-8FDC-42A3-9474-1A3956D46DE8}") = "装饰模式", "装饰模式", "{223C4D63-C8C2-4152-9176-94C83CFA419B}"
EndProject
Project("{FAE04EC0-301F-11D3-BF4B-00C04F79EFBC}") = "装饰模式[日志错误级别与优先级别]", "装饰模式[日志错误级别与优先级别]\装饰模式[日志错误级别与优先级别].csproj", "{23825850-41CB-4B70-BF93-646171BA4925}"
EndProject
Project("{FAE04EC0-301F-11D3-BF4B-00C04F79EFBC}") = "模板方法模式[多表查询]", "模板方法模式[多表查询]\模板方法模式[多表查询].csproj", "{5FAF2913-F7ED-4587-9136-38C04A04B19A}"
EndProject
Project("{2150E333-8FDC-42A3-9474-1A3956D46DE8}") = "原型模式", "原型模式", "{5A832D68-35C4-4846-900F-7B710A0776EC}"
EndProject
Project("{FAE04EC0-301F-11D3-BF4B-00C04F79EFBC}") = "原型模式[简历复制_浅复制]", "原型模式[简历复制_浅复制]\原型模式[简历复制_浅复制].csproj", "{D00B3312-C82F-4AE0-BC24-E7D5113BA02D}"
EndProject
Project("{FAE04EC0-301F-11D3-BF4B-00C04F79EFBC}") = "原型模式[简历复制_深复制]", "原型模式[简历复制_深复制]\原型模式[简历复制_深复制].csproj", "{B3088D3D-0258-41D1-8FF1-F39509EE15E3}"
EndProject
Project("{FAE04EC0-301F-11D3-BF4B-00C04F79EFBC}") = "原型模式[简历复制_深复制2]", "原型模式[简历复制_深复制2]\原型模式[简历复制_深复制2].csproj", "{3543C4BF-4128-419D-ACCC-4AF471FABCE6}"
EndProject
Project("{2150E333-8FDC-42A3-9474-1A3956D46DE8}") = "外观模式", "外观模式", "{4D9192A4-537C-40A0-9820-A2AC2DDCB5D2}"
EndProject
Project("{FAE04EC0-301F-11D3-BF4B-00C04F79EFBC}") = "外观模式[投资基金]", "外观模式[投资基金]\外观模式[投资基金].csproj", "{29D1A561-95F6-422F-B808-0E04081ED629}"
EndProject
Global
	GlobalSection(SolutionConfigurationPlatforms) = preSolution
		Debug|Any CPU = Debug|Any CPU
		Debug|Mixed Platforms = Debug|Mixed Platforms
		Debug|x86 = Debug|x86
		Release|Any CPU = Release|Any CPU
		Release|Mixed Platforms = Release|Mixed Platforms
		Release|x86 = Release|x86
	EndGlobalSection
	GlobalSection(ProjectConfigurationPlatforms) = postSolution
		{C62E1B59-DEC2-4278-B25B-D9E94D3F9F33}.Debug|Any CPU.ActiveCfg = Debug|x86
		{C62E1B59-DEC2-4278-B25B-D9E94D3F9F33}.Debug|Mixed Platforms.ActiveCfg = Debug|x86
		{C62E1B59-DEC2-4278-B25B-D9E94D3F9F33}.Debug|Mixed Platforms.Build.0 = Debug|x86
		{C62E1B59-DEC2-4278-B25B-D9E94D3F9F33}.Debug|x86.ActiveCfg = Debug|x86
		{C62E1B59-DEC2-4278-B25B-D9E94D3F9F33}.Debug|x86.Build.0 = Debug|x86
		{C62E1B59-DEC2-4278-B25B-D9E94D3F9F33}.Release|Any CPU.ActiveCfg = Release|x86
		{C62E1B59-DEC2-4278-B25B-D9E94D3F9F33}.Release|Mixed Platforms.ActiveCfg = Release|x86
		{C62E1B59-DEC2-4278-B25B-D9E94D3F9F33}.Release|Mixed Platforms.Build.0 = Release|x86
		{C62E1B59-DEC2-4278-B25B-D9E94D3F9F33}.Release|x86.ActiveCfg = Release|x86
		{C62E1B59-DEC2-4278-B25B-D9E94D3F9F33}.Release|x86.Build.0 = Release|x86
		{C59FE5E7-4BB8-4D72-BAB7-18CD3C7725E9}.Debug|Any CPU.ActiveCfg = Debug|x86
		{C59FE5E7-4BB8-4D72-BAB7-18CD3C7725E9}.Debug|Mixed Platforms.ActiveCfg = Debug|x86
		{C59FE5E7-4BB8-4D72-BAB7-18CD3C7725E9}.Debug|Mixed Platforms.Build.0 = Debug|x86
		{C59FE5E7-4BB8-4D72-BAB7-18CD3C7725E9}.Debug|x86.ActiveCfg = Debug|x86
		{C59FE5E7-4BB8-4D72-BAB7-18CD3C7725E9}.Debug|x86.Build.0 = Debug|x86
		{C59FE5E7-4BB8-4D72-BAB7-18CD3C7725E9}.Release|Any CPU.ActiveCfg = Release|x86
		{C59FE5E7-4BB8-4D72-BAB7-18CD3C7725E9}.Release|Mixed Platforms.ActiveCfg = Release|x86
		{C59FE5E7-4BB8-4D72-BAB7-18CD3C7725E9}.Release|Mixed Platforms.Build.0 = Release|x86
		{C59FE5E7-4BB8-4D72-BAB7-18CD3C7725E9}.Release|x86.ActiveCfg = Release|x86
		{C59FE5E7-4BB8-4D72-BAB7-18CD3C7725E9}.Release|x86.Build.0 = Release|x86
		{785259D5-2839-4B20-A182-6F18EF39919D}.Debug|Any CPU.ActiveCfg = Debug|x86
		{785259D5-2839-4B20-A182-6F18EF39919D}.Debug|Mixed Platforms.ActiveCfg = Debug|x86
		{785259D5-2839-4B20-A182-6F18EF39919D}.Debug|Mixed Platforms.Build.0 = Debug|x86
		{785259D5-2839-4B20-A182-6F18EF39919D}.Debug|x86.ActiveCfg = Debug|x86
		{785259D5-2839-4B20-A182-6F18EF39919D}.Debug|x86.Build.0 = Debug|x86
		{785259D5-2839-4B20-A182-6F18EF39919D}.Release|Any CPU.ActiveCfg = Release|x86
		{785259D5-2839-4B20-A182-6F18EF39919D}.Release|Mixed Platforms.ActiveCfg = Release|x86
		{785259D5-2839-4B20-A182-6F18EF39919D}.Release|Mixed Platforms.Build.0 = Release|x86
		{785259D5-2839-4B20-A182-6F18EF39919D}.Release|x86.ActiveCfg = Release|x86
		{785259D5-2839-4B20-A182-6F18EF39919D}.Release|x86.Build.0 = Release|x86
		{82692DA6-BB80-4062-9822-35F94ADB03A7}.Debug|Any CPU.ActiveCfg = Debug|x86
		{82692DA6-BB80-4062-9822-35F94ADB03A7}.Debug|Mixed Platforms.ActiveCfg = Debug|x86
		{82692DA6-BB80-4062-9822-35F94ADB03A7}.Debug|Mixed Platforms.Build.0 = Debug|x86
		{82692DA6-BB80-4062-9822-35F94ADB03A7}.Debug|x86.ActiveCfg = Debug|x86
		{82692DA6-BB80-4062-9822-35F94ADB03A7}.Debug|x86.Build.0 = Debug|x86
		{82692DA6-BB80-4062-9822-35F94ADB03A7}.Release|Any CPU.ActiveCfg = Release|x86
		{82692DA6-BB80-4062-9822-35F94ADB03A7}.Release|Mixed Platforms.ActiveCfg = Release|x86
		{82692DA6-BB80-4062-9822-35F94ADB03A7}.Release|Mixed Platforms.Build.0 = Release|x86
		{82692DA6-BB80-4062-9822-35F94ADB03A7}.Release|x86.ActiveCfg = Release|x86
		{82692DA6-BB80-4062-9822-35F94ADB03A7}.Release|x86.Build.0 = Release|x86
		{5F814F49-14F2-4DC3-94E2-73CD4FC9DE40}.Debug|Any CPU.ActiveCfg = Debug|x86
		{5F814F49-14F2-4DC3-94E2-73CD4FC9DE40}.Debug|Mixed Platforms.ActiveCfg = Debug|x86
		{5F814F49-14F2-4DC3-94E2-73CD4FC9DE40}.Debug|Mixed Platforms.Build.0 = Debug|x86
		{5F814F49-14F2-4DC3-94E2-73CD4FC9DE40}.Debug|x86.ActiveCfg = Debug|x86
		{5F814F49-14F2-4DC3-94E2-73CD4FC9DE40}.Debug|x86.Build.0 = Debug|x86
		{5F814F49-14F2-4DC3-94E2-73CD4FC9DE40}.Release|Any CPU.ActiveCfg = Release|x86
		{5F814F49-14F2-4DC3-94E2-73CD4FC9DE40}.Release|Mixed Platforms.ActiveCfg = Release|x86
		{5F814F49-14F2-4DC3-94E2-73CD4FC9DE40}.Release|Mixed Platforms.Build.0 = Release|x86
		{5F814F49-14F2-4DC3-94E2-73CD4FC9DE40}.Release|x86.ActiveCfg = Release|x86
		{5F814F49-14F2-4DC3-94E2-73CD4FC9DE40}.Release|x86.Build.0 = Release|x86
		{EF2E7758-CCE7-4076-9234-0B130AD50883}.Debug|Any CPU.ActiveCfg = Debug|x86
		{EF2E7758-CCE7-4076-9234-0B130AD50883}.Debug|Mixed Platforms.ActiveCfg = Debug|x86
		{EF2E7758-CCE7-4076-9234-0B130AD50883}.Debug|Mixed Platforms.Build.0 = Debug|x86
		{EF2E7758-CCE7-4076-9234-0B130AD50883}.Debug|x86.ActiveCfg = Debug|x86
		{EF2E7758-CCE7-4076-9234-0B130AD50883}.Debug|x86.Build.0 = Debug|x86
		{EF2E7758-CCE7-4076-9234-0B130AD50883}.Release|Any CPU.ActiveCfg = Release|x86
		{EF2E7758-CCE7-4076-9234-0B130AD50883}.Release|Mixed Platforms.ActiveCfg = Release|x86
		{EF2E7758-CCE7-4076-9234-0B130AD50883}.Release|Mixed Platforms.Build.0 = Release|x86
		{EF2E7758-CCE7-4076-9234-0B130AD50883}.Release|x86.ActiveCfg = Release|x86
		{EF2E7758-CCE7-4076-9234-0B130AD50883}.Release|x86.Build.0 = Release|x86
		{AC4FBC34-85BD-4256-A55D-3C12239F8235}.Debug|Any CPU.ActiveCfg = Debug|x86
		{AC4FBC34-85BD-4256-A55D-3C12239F8235}.Debug|Mixed Platforms.ActiveCfg = Debug|x86
		{AC4FBC34-85BD-4256-A55D-3C12239F8235}.Debug|Mixed Platforms.Build.0 = Debug|x86
		{AC4FBC34-85BD-4256-A55D-3C12239F8235}.Debug|x86.ActiveCfg = Debug|x86
		{AC4FBC34-85BD-4256-A55D-3C12239F8235}.Debug|x86.Build.0 = Debug|x86
		{AC4FBC34-85BD-4256-A55D-3C12239F8235}.Release|Any CPU.ActiveCfg = Release|x86
		{AC4FBC34-85BD-4256-A55D-3C12239F8235}.Release|Mixed Platforms.ActiveCfg = Release|x86
		{AC4FBC34-85BD-4256-A55D-3C12239F8235}.Release|Mixed Platforms.Build.0 = Release|x86
		{AC4FBC34-85BD-4256-A55D-3C12239F8235}.Release|x86.ActiveCfg = Release|x86
		{AC4FBC34-85BD-4256-A55D-3C12239F8235}.Release|x86.Build.0 = Release|x86
		{F481C25D-A835-4A89-99F7-EA06F40BFD5F}.Debug|Any CPU.ActiveCfg = Debug|x86
		{F481C25D-A835-4A89-99F7-EA06F40BFD5F}.Debug|Mixed Platforms.ActiveCfg = Debug|x86
		{F481C25D-A835-4A89-99F7-EA06F40BFD5F}.Debug|Mixed Platforms.Build.0 = Debug|x86
		{F481C25D-A835-4A89-99F7-EA06F40BFD5F}.Debug|x86.ActiveCfg = Debug|x86
		{F481C25D-A835-4A89-99F7-EA06F40BFD5F}.Debug|x86.Build.0 = Debug|x86
		{F481C25D-A835-4A89-99F7-EA06F40BFD5F}.Release|Any CPU.ActiveCfg = Release|x86
		{F481C25D-A835-4A89-99F7-EA06F40BFD5F}.Release|Mixed Platforms.ActiveCfg = Release|x86
		{F481C25D-A835-4A89-99F7-EA06F40BFD5F}.Release|Mixed Platforms.Build.0 = Release|x86
		{F481C25D-A835-4A89-99F7-EA06F40BFD5F}.Release|x86.ActiveCfg = Release|x86
		{F481C25D-A835-4A89-99F7-EA06F40BFD5F}.Release|x86.Build.0 = Release|x86
		{7F7BE62E-8E76-44DB-A1CC-AD16F562BA2C}.Debug|Any CPU.ActiveCfg = Debug|Any CPU
		{7F7BE62E-8E76-44DB-A1CC-AD16F562BA2C}.Debug|Any CPU.Build.0 = Debug|Any CPU
		{7F7BE62E-8E76-44DB-A1CC-AD16F562BA2C}.Debug|Mixed Platforms.ActiveCfg = Debug|Any CPU
		{7F7BE62E-8E76-44DB-A1CC-AD16F562BA2C}.Debug|Mixed Platforms.Build.0 = Debug|Any CPU
		{7F7BE62E-8E76-44DB-A1CC-AD16F562BA2C}.Debug|x86.ActiveCfg = Debug|Any CPU
		{7F7BE62E-8E76-44DB-A1CC-AD16F562BA2C}.Release|Any CPU.ActiveCfg = Release|Any CPU
		{7F7BE62E-8E76-44DB-A1CC-AD16F562BA2C}.Release|Any CPU.Build.0 = Release|Any CPU
		{7F7BE62E-8E76-44DB-A1CC-AD16F562BA2C}.Release|Mixed Platforms.ActiveCfg = Release|Any CPU
		{7F7BE62E-8E76-44DB-A1CC-AD16F562BA2C}.Release|Mixed Platforms.Build.0 = Release|Any CPU
		{7F7BE62E-8E76-44DB-A1CC-AD16F562BA2C}.Release|x86.ActiveCfg = Release|Any CPU
		{A929461F-93F3-4453-8916-51C9AF0C772C}.Debug|Any CPU.ActiveCfg = Debug|x86
		{A929461F-93F3-4453-8916-51C9AF0C772C}.Debug|Mixed Platforms.ActiveCfg = Debug|x86
		{A929461F-93F3-4453-8916-51C9AF0C772C}.Debug|Mixed Platforms.Build.0 = Debug|x86
		{A929461F-93F3-4453-8916-51C9AF0C772C}.Debug|x86.ActiveCfg = Debug|x86
		{A929461F-93F3-4453-8916-51C9AF0C772C}.Debug|x86.Build.0 = Debug|x86
		{A929461F-93F3-4453-8916-51C9AF0C772C}.Release|Any CPU.ActiveCfg = Release|x86
		{A929461F-93F3-4453-8916-51C9AF0C772C}.Release|Mixed Platforms.ActiveCfg = Release|x86
		{A929461F-93F3-4453-8916-51C9AF0C772C}.Release|Mixed Platforms.Build.0 = Release|x86
		{A929461F-93F3-4453-8916-51C9AF0C772C}.Release|x86.ActiveCfg = Release|x86
		{A929461F-93F3-4453-8916-51C9AF0C772C}.Release|x86.Build.0 = Release|x86
		{59EBF505-1EF9-4B7A-A946-1D338893E350}.Debug|Any CPU.ActiveCfg = Debug|x86
		{59EBF505-1EF9-4B7A-A946-1D338893E350}.Debug|Mixed Platforms.ActiveCfg = Debug|x86
		{59EBF505-1EF9-4B7A-A946-1D338893E350}.Debug|Mixed Platforms.Build.0 = Debug|x86
		{59EBF505-1EF9-4B7A-A946-1D338893E350}.Debug|x86.ActiveCfg = Debug|x86
		{59EBF505-1EF9-4B7A-A946-1D338893E350}.Debug|x86.Build.0 = Debug|x86
		{59EBF505-1EF9-4B7A-A946-1D338893E350}.Release|Any CPU.ActiveCfg = Release|x86
		{59EBF505-1EF9-4B7A-A946-1D338893E350}.Release|Mixed Platforms.ActiveCfg = Release|x86
		{59EBF505-1EF9-4B7A-A946-1D338893E350}.Release|Mixed Platforms.Build.0 = Release|x86
		{59EBF505-1EF9-4B7A-A946-1D338893E350}.Release|x86.ActiveCfg = Release|x86
		{59EBF505-1EF9-4B7A-A946-1D338893E350}.Release|x86.Build.0 = Release|x86
		{82420B7A-C5B9-4D26-A8E2-3716985EEC26}.Debug|Any CPU.ActiveCfg = Debug|Any CPU
		{82420B7A-C5B9-4D26-A8E2-3716985EEC26}.Debug|Any CPU.Build.0 = Debug|Any CPU
		{82420B7A-C5B9-4D26-A8E2-3716985EEC26}.Debug|Mixed Platforms.ActiveCfg = Debug|Any CPU
		{82420B7A-C5B9-4D26-A8E2-3716985EEC26}.Debug|Mixed Platforms.Build.0 = Debug|Any CPU
		{82420B7A-C5B9-4D26-A8E2-3716985EEC26}.Debug|x86.ActiveCfg = Debug|Any CPU
		{82420B7A-C5B9-4D26-A8E2-3716985EEC26}.Release|Any CPU.ActiveCfg = Release|Any CPU
		{82420B7A-C5B9-4D26-A8E2-3716985EEC26}.Release|Any CPU.Build.0 = Release|Any CPU
		{82420B7A-C5B9-4D26-A8E2-3716985EEC26}.Release|Mixed Platforms.ActiveCfg = Release|Any CPU
		{82420B7A-C5B9-4D26-A8E2-3716985EEC26}.Release|Mixed Platforms.Build.0 = Release|Any CPU
		{82420B7A-C5B9-4D26-A8E2-3716985EEC26}.Release|x86.ActiveCfg = Release|Any CPU
		{51F1B094-A1AB-48B1-A5A8-C3DA2AF51B7A}.Debug|Any CPU.ActiveCfg = Debug|Any CPU
		{51F1B094-A1AB-48B1-A5A8-C3DA2AF51B7A}.Debug|Any CPU.Build.0 = Debug|Any CPU
		{51F1B094-A1AB-48B1-A5A8-C3DA2AF51B7A}.Debug|Mixed Platforms.ActiveCfg = Debug|Any CPU
		{51F1B094-A1AB-48B1-A5A8-C3DA2AF51B7A}.Debug|Mixed Platforms.Build.0 = Debug|Any CPU
		{51F1B094-A1AB-48B1-A5A8-C3DA2AF51B7A}.Debug|x86.ActiveCfg = Debug|Any CPU
		{51F1B094-A1AB-48B1-A5A8-C3DA2AF51B7A}.Release|Any CPU.ActiveCfg = Release|Any CPU
		{51F1B094-A1AB-48B1-A5A8-C3DA2AF51B7A}.Release|Any CPU.Build.0 = Release|Any CPU
		{51F1B094-A1AB-48B1-A5A8-C3DA2AF51B7A}.Release|Mixed Platforms.ActiveCfg = Release|Any CPU
		{51F1B094-A1AB-48B1-A5A8-C3DA2AF51B7A}.Release|Mixed Platforms.Build.0 = Release|Any CPU
		{51F1B094-A1AB-48B1-A5A8-C3DA2AF51B7A}.Release|x86.ActiveCfg = Release|Any CPU
		{D5B4316C-BE04-4136-9087-E72AD1629D31}.Debug|Any CPU.ActiveCfg = Debug|Any CPU
		{D5B4316C-BE04-4136-9087-E72AD1629D31}.Debug|Any CPU.Build.0 = Debug|Any CPU
		{D5B4316C-BE04-4136-9087-E72AD1629D31}.Debug|Mixed Platforms.ActiveCfg = Debug|Any CPU
		{D5B4316C-BE04-4136-9087-E72AD1629D31}.Debug|Mixed Platforms.Build.0 = Debug|Any CPU
		{D5B4316C-BE04-4136-9087-E72AD1629D31}.Debug|x86.ActiveCfg = Debug|Any CPU
		{D5B4316C-BE04-4136-9087-E72AD1629D31}.Release|Any CPU.ActiveCfg = Release|Any CPU
		{D5B4316C-BE04-4136-9087-E72AD1629D31}.Release|Any CPU.Build.0 = Release|Any CPU
		{D5B4316C-BE04-4136-9087-E72AD1629D31}.Release|Mixed Platforms.ActiveCfg = Release|Any CPU
		{D5B4316C-BE04-4136-9087-E72AD1629D31}.Release|Mixed Platforms.Build.0 = Release|Any CPU
		{D5B4316C-BE04-4136-9087-E72AD1629D31}.Release|x86.ActiveCfg = Release|Any CPU
		{57945950-E5E6-443E-9323-2086119C81E0}.Debug|Any CPU.ActiveCfg = Debug|x86
		{57945950-E5E6-443E-9323-2086119C81E0}.Debug|Mixed Platforms.ActiveCfg = Debug|x86
		{57945950-E5E6-443E-9323-2086119C81E0}.Debug|Mixed Platforms.Build.0 = Debug|x86
		{57945950-E5E6-443E-9323-2086119C81E0}.Debug|x86.ActiveCfg = Debug|x86
		{57945950-E5E6-443E-9323-2086119C81E0}.Debug|x86.Build.0 = Debug|x86
		{57945950-E5E6-443E-9323-2086119C81E0}.Release|Any CPU.ActiveCfg = Release|x86
		{57945950-E5E6-443E-9323-2086119C81E0}.Release|Mixed Platforms.ActiveCfg = Release|x86
		{57945950-E5E6-443E-9323-2086119C81E0}.Release|Mixed Platforms.Build.0 = Release|x86
		{57945950-E5E6-443E-9323-2086119C81E0}.Release|x86.ActiveCfg = Release|x86
		{57945950-E5E6-443E-9323-2086119C81E0}.Release|x86.Build.0 = Release|x86
		{03CE05C7-BAF3-455B-A99B-DF9FFEA94156}.Debug|Any CPU.ActiveCfg = Debug|x86
		{03CE05C7-BAF3-455B-A99B-DF9FFEA94156}.Debug|Mixed Platforms.ActiveCfg = Debug|x86
		{03CE05C7-BAF3-455B-A99B-DF9FFEA94156}.Debug|Mixed Platforms.Build.0 = Debug|x86
		{03CE05C7-BAF3-455B-A99B-DF9FFEA94156}.Debug|x86.ActiveCfg = Debug|x86
		{03CE05C7-BAF3-455B-A99B-DF9FFEA94156}.Debug|x86.Build.0 = Debug|x86
		{03CE05C7-BAF3-455B-A99B-DF9FFEA94156}.Release|Any CPU.ActiveCfg = Release|x86
		{03CE05C7-BAF3-455B-A99B-DF9FFEA94156}.Release|Mixed Platforms.ActiveCfg = Release|x86
		{03CE05C7-BAF3-455B-A99B-DF9FFEA94156}.Release|Mixed Platforms.Build.0 = Release|x86
		{03CE05C7-BAF3-455B-A99B-DF9FFEA94156}.Release|x86.ActiveCfg = Release|x86
		{03CE05C7-BAF3-455B-A99B-DF9FFEA94156}.Release|x86.Build.0 = Release|x86
		{006C8BC7-EE3B-405F-AE79-126995DF174C}.Debug|Any CPU.ActiveCfg = Debug|x86
		{006C8BC7-EE3B-405F-AE79-126995DF174C}.Debug|Mixed Platforms.ActiveCfg = Debug|x86
		{006C8BC7-EE3B-405F-AE79-126995DF174C}.Debug|Mixed Platforms.Build.0 = Debug|x86
		{006C8BC7-EE3B-405F-AE79-126995DF174C}.Debug|x86.ActiveCfg = Debug|x86
		{006C8BC7-EE3B-405F-AE79-126995DF174C}.Debug|x86.Build.0 = Debug|x86
		{006C8BC7-EE3B-405F-AE79-126995DF174C}.Release|Any CPU.ActiveCfg = Release|x86
		{006C8BC7-EE3B-405F-AE79-126995DF174C}.Release|Mixed Platforms.ActiveCfg = Release|x86
		{006C8BC7-EE3B-405F-AE79-126995DF174C}.Release|Mixed Platforms.Build.0 = Release|x86
		{006C8BC7-EE3B-405F-AE79-126995DF174C}.Release|x86.ActiveCfg = Release|x86
		{006C8BC7-EE3B-405F-AE79-126995DF174C}.Release|x86.Build.0 = Release|x86
		{925F9EE7-1518-4A66-8384-8022845EC97A}.Debug|Any CPU.ActiveCfg = Debug|x86
		{925F9EE7-1518-4A66-8384-8022845EC97A}.Debug|Mixed Platforms.ActiveCfg = Debug|x86
		{925F9EE7-1518-4A66-8384-8022845EC97A}.Debug|Mixed Platforms.Build.0 = Debug|x86
		{925F9EE7-1518-4A66-8384-8022845EC97A}.Debug|x86.ActiveCfg = Debug|x86
		{925F9EE7-1518-4A66-8384-8022845EC97A}.Debug|x86.Build.0 = Debug|x86
		{925F9EE7-1518-4A66-8384-8022845EC97A}.Release|Any CPU.ActiveCfg = Release|x86
		{925F9EE7-1518-4A66-8384-8022845EC97A}.Release|Mixed Platforms.ActiveCfg = Release|x86
		{925F9EE7-1518-4A66-8384-8022845EC97A}.Release|Mixed Platforms.Build.0 = Release|x86
		{925F9EE7-1518-4A66-8384-8022845EC97A}.Release|x86.ActiveCfg = Release|x86
		{925F9EE7-1518-4A66-8384-8022845EC97A}.Release|x86.Build.0 = Release|x86
		{23825850-41CB-4B70-BF93-646171BA4925}.Debug|Any CPU.ActiveCfg = Debug|x86
		{23825850-41CB-4B70-BF93-646171BA4925}.Debug|Mixed Platforms.ActiveCfg = Debug|x86
		{23825850-41CB-4B70-BF93-646171BA4925}.Debug|Mixed Platforms.Build.0 = Debug|x86
		{23825850-41CB-4B70-BF93-646171BA4925}.Debug|x86.ActiveCfg = Debug|x86
		{23825850-41CB-4B70-BF93-646171BA4925}.Debug|x86.Build.0 = Debug|x86
		{23825850-41CB-4B70-BF93-646171BA4925}.Release|Any CPU.ActiveCfg = Release|x86
		{23825850-41CB-4B70-BF93-646171BA4925}.Release|Mixed Platforms.ActiveCfg = Release|x86
		{23825850-41CB-4B70-BF93-646171BA4925}.Release|Mixed Platforms.Build.0 = Release|x86
		{23825850-41CB-4B70-BF93-646171BA4925}.Release|x86.ActiveCfg = Release|x86
		{23825850-41CB-4B70-BF93-646171BA4925}.Release|x86.Build.0 = Release|x86
		{5FAF2913-F7ED-4587-9136-38C04A04B19A}.Debug|Any CPU.ActiveCfg = Debug|x86
		{5FAF2913-F7ED-4587-9136-38C04A04B19A}.Debug|Mixed Platforms.ActiveCfg = Debug|x86
		{5FAF2913-F7ED-4587-9136-38C04A04B19A}.Debug|Mixed Platforms.Build.0 = Debug|x86
		{5FAF2913-F7ED-4587-9136-38C04A04B19A}.Debug|x86.ActiveCfg = Debug|x86
		{5FAF2913-F7ED-4587-9136-38C04A04B19A}.Debug|x86.Build.0 = Debug|x86
		{5FAF2913-F7ED-4587-9136-38C04A04B19A}.Release|Any CPU.ActiveCfg = Release|x86
		{5FAF2913-F7ED-4587-9136-38C04A04B19A}.Release|Mixed Platforms.ActiveCfg = Release|x86
		{5FAF2913-F7ED-4587-9136-38C04A04B19A}.Release|Mixed Platforms.Build.0 = Release|x86
		{5FAF2913-F7ED-4587-9136-38C04A04B19A}.Release|x86.ActiveCfg = Release|x86
		{5FAF2913-F7ED-4587-9136-38C04A04B19A}.Release|x86.Build.0 = Release|x86
		{D00B3312-C82F-4AE0-BC24-E7D5113BA02D}.Debug|Any CPU.ActiveCfg = Debug|x86
		{D00B3312-C82F-4AE0-BC24-E7D5113BA02D}.Debug|Mixed Platforms.ActiveCfg = Debug|x86
		{D00B3312-C82F-4AE0-BC24-E7D5113BA02D}.Debug|Mixed Platforms.Build.0 = Debug|x86
		{D00B3312-C82F-4AE0-BC24-E7D5113BA02D}.Debug|x86.ActiveCfg = Debug|x86
		{D00B3312-C82F-4AE0-BC24-E7D5113BA02D}.Debug|x86.Build.0 = Debug|x86
		{D00B3312-C82F-4AE0-BC24-E7D5113BA02D}.Release|Any CPU.ActiveCfg = Release|x86
		{D00B3312-C82F-4AE0-BC24-E7D5113BA02D}.Release|Mixed Platforms.ActiveCfg = Release|x86
		{D00B3312-C82F-4AE0-BC24-E7D5113BA02D}.Release|Mixed Platforms.Build.0 = Release|x86
		{D00B3312-C82F-4AE0-BC24-E7D5113BA02D}.Release|x86.ActiveCfg = Release|x86
		{D00B3312-C82F-4AE0-BC24-E7D5113BA02D}.Release|x86.Build.0 = Release|x86
		{B3088D3D-0258-41D1-8FF1-F39509EE15E3}.Debug|Any CPU.ActiveCfg = Debug|x86
		{B3088D3D-0258-41D1-8FF1-F39509EE15E3}.Debug|Mixed Platforms.ActiveCfg = Debug|x86
		{B3088D3D-0258-41D1-8FF1-F39509EE15E3}.Debug|Mixed Platforms.Build.0 = Debug|x86
		{B3088D3D-0258-41D1-8FF1-F39509EE15E3}.Debug|x86.ActiveCfg = Debug|x86
		{B3088D3D-0258-41D1-8FF1-F39509EE15E3}.Debug|x86.Build.0 = Debug|x86
		{B3088D3D-0258-41D1-8FF1-F39509EE15E3}.Release|Any CPU.ActiveCfg = Release|x86
		{B3088D3D-0258-41D1-8FF1-F39509EE15E3}.Release|Mixed Platforms.ActiveCfg = Release|x86
		{B3088D3D-0258-41D1-8FF1-F39509EE15E3}.Release|Mixed Platforms.Build.0 = Release|x86
		{B3088D3D-0258-41D1-8FF1-F39509EE15E3}.Release|x86.ActiveCfg = Release|x86
		{B3088D3D-0258-41D1-8FF1-F39509EE15E3}.Release|x86.Build.0 = Release|x86
		{3543C4BF-4128-419D-ACCC-4AF471FABCE6}.Debug|Any CPU.ActiveCfg = Debug|x86
		{3543C4BF-4128-419D-ACCC-4AF471FABCE6}.Debug|Mixed Platforms.ActiveCfg = Debug|x86
		{3543C4BF-4128-419D-ACCC-4AF471FABCE6}.Debug|Mixed Platforms.Build.0 = Debug|x86
		{3543C4BF-4128-419D-ACCC-4AF471FABCE6}.Debug|x86.ActiveCfg = Debug|x86
		{3543C4BF-4128-419D-ACCC-4AF471FABCE6}.Debug|x86.Build.0 = Debug|x86
		{3543C4BF-4128-419D-ACCC-4AF471FABCE6}.Release|Any CPU.ActiveCfg = Release|x86
		{3543C4BF-4128-419D-ACCC-4AF471FABCE6}.Release|Mixed Platforms.ActiveCfg = Release|x86
		{3543C4BF-4128-419D-ACCC-4AF471FABCE6}.Release|Mixed Platforms.Build.0 = Release|x86
		{3543C4BF-4128-419D-ACCC-4AF471FABCE6}.Release|x86.ActiveCfg = Release|x86
		{3543C4BF-4128-419D-ACCC-4AF471FABCE6}.Release|x86.Build.0 = Release|x86
		{29D1A561-95F6-422F-B808-0E04081ED629}.Debug|Any CPU.ActiveCfg = Debug|x86
		{29D1A561-95F6-422F-B808-0E04081ED629}.Debug|Mixed Platforms.ActiveCfg = Debug|x86
		{29D1A561-95F6-422F-B808-0E04081ED629}.Debug|Mixed Platforms.Build.0 = Debug|x86
		{29D1A561-95F6-422F-B808-0E04081ED629}.Debug|x86.ActiveCfg = Debug|x86
		{29D1A561-95F6-422F-B808-0E04081ED629}.Debug|x86.Build.0 = Debug|x86
		{29D1A561-95F6-422F-B808-0E04081ED629}.Release|Any CPU.ActiveCfg = Release|x86
		{29D1A561-95F6-422F-B808-0E04081ED629}.Release|Mixed Platforms.ActiveCfg = Release|x86
		{29D1A561-95F6-422F-B808-0E04081ED629}.Release|Mixed Platforms.Build.0 = Release|x86
		{29D1A561-95F6-422F-B808-0E04081ED629}.Release|x86.ActiveCfg = Release|x86
		{29D1A561-95F6-422F-B808-0E04081ED629}.Release|x86.Build.0 = Release|x86
	EndGlobalSection
	GlobalSection(SolutionProperties) = preSolution
		HideSolutionNode = FALSE
	EndGlobalSection
	GlobalSection(NestedProjects) = preSolution
		{C59FE5E7-4BB8-4D72-BAB7-18CD3C7725E9} = {CB5A9712-E7A7-4B6C-B283-D58FE48B9842}
		{C62E1B59-DEC2-4278-B25B-D9E94D3F9F33} = {CB5A9712-E7A7-4B6C-B283-D58FE48B9842}
		{59EBF505-1EF9-4B7A-A946-1D338893E350} = {F521B661-41E1-47D7-82E6-8E11F420C016}
		{7F7BE62E-8E76-44DB-A1CC-AD16F562BA2C} = {E42F19DC-A439-46F9-AC44-01D8D0A9C105}
		{82420B7A-C5B9-4D26-A8E2-3716985EEC26} = {E42F19DC-A439-46F9-AC44-01D8D0A9C105}
		{51F1B094-A1AB-48B1-A5A8-C3DA2AF51B7A} = {E42F19DC-A439-46F9-AC44-01D8D0A9C105}
		{D5B4316C-BE04-4136-9087-E72AD1629D31} = {E42F19DC-A439-46F9-AC44-01D8D0A9C105}
		{57945950-E5E6-443E-9323-2086119C81E0} = {E42F19DC-A439-46F9-AC44-01D8D0A9C105}
		{03CE05C7-BAF3-455B-A99B-DF9FFEA94156} = {3BE5DC2B-375C-4787-A15C-393EFD763D5D}
		{785259D5-2839-4B20-A182-6F18EF39919D} = {53854F8C-578A-4CAA-8F55-9ADD42216099}
		{82692DA6-BB80-4062-9822-35F94ADB03A7} = {53854F8C-578A-4CAA-8F55-9ADD42216099}
		{5F814F49-14F2-4DC3-94E2-73CD4FC9DE40} = {53854F8C-578A-4CAA-8F55-9ADD42216099}
		{EF2E7758-CCE7-4076-9234-0B130AD50883} = {53854F8C-578A-4CAA-8F55-9ADD42216099}
		{AC4FBC34-85BD-4256-A55D-3C12239F8235} = {53854F8C-578A-4CAA-8F55-9ADD42216099}
		{F481C25D-A835-4A89-99F7-EA06F40BFD5F} = {53854F8C-578A-4CAA-8F55-9ADD42216099}
		{A929461F-93F3-4453-8916-51C9AF0C772C} = {4045B4E3-A5C9-48BB-BF5B-419581E4693E}
		{006C8BC7-EE3B-405F-AE79-126995DF174C} = {3D265DC2-4A0B-456F-9DE9-1EBABD991EAC}
		{925F9EE7-1518-4A66-8384-8022845EC97A} = {D52E7E51-F233-4F43-A9B4-B6B74541A621}
		{5FAF2913-F7ED-4587-9136-38C04A04B19A} = {0EA947A9-487A-4778-9893-3D6023BF76B3}
		{23825850-41CB-4B70-BF93-646171BA4925} = {223C4D63-C8C2-4152-9176-94C83CFA419B}
		{D00B3312-C82F-4AE0-BC24-E7D5113BA02D} = {5A832D68-35C4-4846-900F-7B710A0776EC}
		{B3088D3D-0258-41D1-8FF1-F39509EE15E3} = {5A832D68-35C4-4846-900F-7B710A0776EC}
		{3543C4BF-4128-419D-ACCC-4AF471FABCE6} = {5A832D68-35C4-4846-900F-7B710A0776EC}
		{29D1A561-95F6-422F-B808-0E04081ED629} = {4D9192A4-537C-40A0-9820-A2AC2DDCB5D2}
	EndGlobalSection
EndGlobal
