
Microsoft Visual Studio Solution File, Format Version 11.00
# Visual Studio 2010
Project("{FAE04EC0-301F-11D3-BF4B-00C04F79EFBC}") = "Web", "Web\Web.csproj", "{10ED184E-FC2B-425B-B635-A0645064CE81}"
	ProjectSection(ProjectDependencies) = postProject
		{C1497B7C-16F0-40CB-8DCA-C34494900ADE} = {C1497B7C-16F0-40CB-8DCA-C34494900ADE}
	EndProjectSection
EndProject
Project("{FAE04EC0-301F-11D3-BF4B-00C04F79EFBC}") = "Model", "Model\Model.csproj", "{72238AA1-2DAD-49C5-9540-6715A70BEF4D}"
EndProject
Project("{FAE04EC0-301F-11D3-BF4B-00C04F79EFBC}") = "IService", "IService\IService.csproj", "{51866A5B-2A3F-474C-8CD3-C3DD9E16A834}"
EndProject
Project("{FAE04EC0-301F-11D3-BF4B-00C04F79EFBC}") = "Service", "Service\Service.csproj", "{E1B2C364-881D-45C0-85B3-D9D8A2D475F4}"
EndProject
Project("{FAE04EC0-301F-11D3-BF4B-00C04F79EFBC}") = "Domain", "Domain\Domain.csproj", "{6A261DEA-0DF4-4DB7-9223-B40A457DD705}"
EndProject
Project("{FAE04EC0-301F-11D3-BF4B-00C04F79EFBC}") = "IDAO", "IDAO\IDAO.csproj", "{64861C64-BD14-4C95-B128-F66562D0D0C5}"
EndProject
Project("{FAE04EC0-301F-11D3-BF4B-00C04F79EFBC}") = "DAO.Hibernate", "DAO.Hibernate\DAO.Hibernate.csproj", "{985568F2-CC97-41ED-B70E-357CA5C6F404}"
EndProject
Project("{2150E333-8FDC-42A3-9474-1A3956D46DE8}") = "UnitTest", "UnitTest", "{2EFE48D3-9618-46FB-BFE7-59AE9B7FFD14}"
EndProject
Project("{FAE04EC0-301F-11D3-BF4B-00C04F79EFBC}") = "Test.NUnit", "Test.NUnit\Test.NUnit.csproj", "{EA926B3A-5A67-4AA1-94D9-FD7D5E9EB33D}"
EndProject
Project("{FAE04EC0-301F-11D3-BF4B-00C04F79EFBC}") = "Segregate", "Segregate\Segregate.csproj", "{EDE79A3D-C33F-4E2D-9C5B-4D88F813A61B}"
EndProject
Project("{FAE04EC0-301F-11D3-BF4B-00C04F79EFBC}") = "ISegregate", "ISegregate\ISegregate.csproj", "{ED2F3711-0AC4-4250-909A-3F0291612CB5}"
EndProject
Project("{FAE04EC0-301F-11D3-BF4B-00C04F79EFBC}") = "IFacade", "IFacade\IFacade.csproj", "{9D93E881-AA66-4E6C-A1C8-1D4EDAB4E2F7}"
EndProject
Project("{FAE04EC0-301F-11D3-BF4B-00C04F79EFBC}") = "Facade", "Facade\Facade.csproj", "{0A566F04-5AE8-43AB-98BD-E773C85A0D42}"
EndProject
Project("{FAE04EC0-301F-11D3-BF4B-00C04F79EFBC}") = "DTO", "DTO\DTO.csproj", "{58A368A9-39A7-4472-B320-6049C43239CE}"
EndProject
Project("{FAE04EC0-301F-11D3-BF4B-00C04F79EFBC}") = "WebHost", "WebHost\WebHost.csproj", "{C1497B7C-16F0-40CB-8DCA-C34494900ADE}"
EndProject
Project("{FAE04EC0-301F-11D3-BF4B-00C04F79EFBC}") = "Interaction", "Interaction\Interaction.csproj", "{57E56A97-3D7D-4784-A791-0A37F85E3669}"
	ProjectSection(ProjectDependencies) = postProject
		{C1497B7C-16F0-40CB-8DCA-C34494900ADE} = {C1497B7C-16F0-40CB-8DCA-C34494900ADE}
	EndProjectSection
EndProject
Project("{FAE04EC0-301F-11D3-BF4B-00C04F79EFBC}") = "IIneraction", "IIneraction\IIneraction.csproj", "{5B7599B6-99F1-4507-BD87-F417B0589A5A}"
EndProject
Global
	GlobalSection(SolutionConfigurationPlatforms) = preSolution
		Debug|Any CPU = Debug|Any CPU
		Release|Any CPU = Release|Any CPU
	EndGlobalSection
	GlobalSection(ProjectConfigurationPlatforms) = postSolution
		{10ED184E-FC2B-425B-B635-A0645064CE81}.Debug|Any CPU.ActiveCfg = Debug|Any CPU
		{10ED184E-FC2B-425B-B635-A0645064CE81}.Debug|Any CPU.Build.0 = Debug|Any CPU
		{10ED184E-FC2B-425B-B635-A0645064CE81}.Release|Any CPU.ActiveCfg = Release|Any CPU
		{10ED184E-FC2B-425B-B635-A0645064CE81}.Release|Any CPU.Build.0 = Release|Any CPU
		{72238AA1-2DAD-49C5-9540-6715A70BEF4D}.Debug|Any CPU.ActiveCfg = Debug|Any CPU
		{72238AA1-2DAD-49C5-9540-6715A70BEF4D}.Debug|Any CPU.Build.0 = Debug|Any CPU
		{72238AA1-2DAD-49C5-9540-6715A70BEF4D}.Release|Any CPU.ActiveCfg = Release|Any CPU
		{72238AA1-2DAD-49C5-9540-6715A70BEF4D}.Release|Any CPU.Build.0 = Release|Any CPU
		{51866A5B-2A3F-474C-8CD3-C3DD9E16A834}.Debug|Any CPU.ActiveCfg = Debug|Any CPU
		{51866A5B-2A3F-474C-8CD3-C3DD9E16A834}.Debug|Any CPU.Build.0 = Debug|Any CPU
		{51866A5B-2A3F-474C-8CD3-C3DD9E16A834}.Release|Any CPU.ActiveCfg = Release|Any CPU
		{51866A5B-2A3F-474C-8CD3-C3DD9E16A834}.Release|Any CPU.Build.0 = Release|Any CPU
		{E1B2C364-881D-45C0-85B3-D9D8A2D475F4}.Debug|Any CPU.ActiveCfg = Debug|Any CPU
		{E1B2C364-881D-45C0-85B3-D9D8A2D475F4}.Debug|Any CPU.Build.0 = Debug|Any CPU
		{E1B2C364-881D-45C0-85B3-D9D8A2D475F4}.Release|Any CPU.ActiveCfg = Release|Any CPU
		{E1B2C364-881D-45C0-85B3-D9D8A2D475F4}.Release|Any CPU.Build.0 = Release|Any CPU
		{6A261DEA-0DF4-4DB7-9223-B40A457DD705}.Debug|Any CPU.ActiveCfg = Debug|Any CPU
		{6A261DEA-0DF4-4DB7-9223-B40A457DD705}.Debug|Any CPU.Build.0 = Debug|Any CPU
		{6A261DEA-0DF4-4DB7-9223-B40A457DD705}.Release|Any CPU.ActiveCfg = Release|Any CPU
		{6A261DEA-0DF4-4DB7-9223-B40A457DD705}.Release|Any CPU.Build.0 = Release|Any CPU
		{64861C64-BD14-4C95-B128-F66562D0D0C5}.Debug|Any CPU.ActiveCfg = Debug|Any CPU
		{64861C64-BD14-4C95-B128-F66562D0D0C5}.Debug|Any CPU.Build.0 = Debug|Any CPU
		{64861C64-BD14-4C95-B128-F66562D0D0C5}.Release|Any CPU.ActiveCfg = Release|Any CPU
		{64861C64-BD14-4C95-B128-F66562D0D0C5}.Release|Any CPU.Build.0 = Release|Any CPU
		{985568F2-CC97-41ED-B70E-357CA5C6F404}.Debug|Any CPU.ActiveCfg = Debug|Any CPU
		{985568F2-CC97-41ED-B70E-357CA5C6F404}.Debug|Any CPU.Build.0 = Debug|Any CPU
		{985568F2-CC97-41ED-B70E-357CA5C6F404}.Release|Any CPU.ActiveCfg = Release|Any CPU
		{985568F2-CC97-41ED-B70E-357CA5C6F404}.Release|Any CPU.Build.0 = Release|Any CPU
		{EA926B3A-5A67-4AA1-94D9-FD7D5E9EB33D}.Debug|Any CPU.ActiveCfg = Debug|Any CPU
		{EA926B3A-5A67-4AA1-94D9-FD7D5E9EB33D}.Debug|Any CPU.Build.0 = Debug|Any CPU
		{EA926B3A-5A67-4AA1-94D9-FD7D5E9EB33D}.Release|Any CPU.ActiveCfg = Release|Any CPU
		{EA926B3A-5A67-4AA1-94D9-FD7D5E9EB33D}.Release|Any CPU.Build.0 = Release|Any CPU
		{EDE79A3D-C33F-4E2D-9C5B-4D88F813A61B}.Debug|Any CPU.ActiveCfg = Debug|Any CPU
		{EDE79A3D-C33F-4E2D-9C5B-4D88F813A61B}.Debug|Any CPU.Build.0 = Debug|Any CPU
		{EDE79A3D-C33F-4E2D-9C5B-4D88F813A61B}.Release|Any CPU.ActiveCfg = Release|Any CPU
		{EDE79A3D-C33F-4E2D-9C5B-4D88F813A61B}.Release|Any CPU.Build.0 = Release|Any CPU
		{ED2F3711-0AC4-4250-909A-3F0291612CB5}.Debug|Any CPU.ActiveCfg = Debug|Any CPU
		{ED2F3711-0AC4-4250-909A-3F0291612CB5}.Debug|Any CPU.Build.0 = Debug|Any CPU
		{ED2F3711-0AC4-4250-909A-3F0291612CB5}.Release|Any CPU.ActiveCfg = Release|Any CPU
		{ED2F3711-0AC4-4250-909A-3F0291612CB5}.Release|Any CPU.Build.0 = Release|Any CPU
		{9D93E881-AA66-4E6C-A1C8-1D4EDAB4E2F7}.Debug|Any CPU.ActiveCfg = Debug|Any CPU
		{9D93E881-AA66-4E6C-A1C8-1D4EDAB4E2F7}.Debug|Any CPU.Build.0 = Debug|Any CPU
		{9D93E881-AA66-4E6C-A1C8-1D4EDAB4E2F7}.Release|Any CPU.ActiveCfg = Release|Any CPU
		{9D93E881-AA66-4E6C-A1C8-1D4EDAB4E2F7}.Release|Any CPU.Build.0 = Release|Any CPU
		{0A566F04-5AE8-43AB-98BD-E773C85A0D42}.Debug|Any CPU.ActiveCfg = Debug|Any CPU
		{0A566F04-5AE8-43AB-98BD-E773C85A0D42}.Debug|Any CPU.Build.0 = Debug|Any CPU
		{0A566F04-5AE8-43AB-98BD-E773C85A0D42}.Release|Any CPU.ActiveCfg = Release|Any CPU
		{0A566F04-5AE8-43AB-98BD-E773C85A0D42}.Release|Any CPU.Build.0 = Release|Any CPU
		{58A368A9-39A7-4472-B320-6049C43239CE}.Debug|Any CPU.ActiveCfg = Debug|Any CPU
		{58A368A9-39A7-4472-B320-6049C43239CE}.Debug|Any CPU.Build.0 = Debug|Any CPU
		{58A368A9-39A7-4472-B320-6049C43239CE}.Release|Any CPU.ActiveCfg = Release|Any CPU
		{58A368A9-39A7-4472-B320-6049C43239CE}.Release|Any CPU.Build.0 = Release|Any CPU
		{C1497B7C-16F0-40CB-8DCA-C34494900ADE}.Debug|Any CPU.ActiveCfg = Debug|Any CPU
		{C1497B7C-16F0-40CB-8DCA-C34494900ADE}.Debug|Any CPU.Build.0 = Debug|Any CPU
		{C1497B7C-16F0-40CB-8DCA-C34494900ADE}.Release|Any CPU.ActiveCfg = Release|Any CPU
		{C1497B7C-16F0-40CB-8DCA-C34494900ADE}.Release|Any CPU.Build.0 = Release|Any CPU
		{57E56A97-3D7D-4784-A791-0A37F85E3669}.Debug|Any CPU.ActiveCfg = Debug|Any CPU
		{57E56A97-3D7D-4784-A791-0A37F85E3669}.Debug|Any CPU.Build.0 = Debug|Any CPU
		{57E56A97-3D7D-4784-A791-0A37F85E3669}.Release|Any CPU.ActiveCfg = Release|Any CPU
		{57E56A97-3D7D-4784-A791-0A37F85E3669}.Release|Any CPU.Build.0 = Release|Any CPU
		{5B7599B6-99F1-4507-BD87-F417B0589A5A}.Debug|Any CPU.ActiveCfg = Debug|Any CPU
		{5B7599B6-99F1-4507-BD87-F417B0589A5A}.Debug|Any CPU.Build.0 = Debug|Any CPU
		{5B7599B6-99F1-4507-BD87-F417B0589A5A}.Release|Any CPU.ActiveCfg = Release|Any CPU
		{5B7599B6-99F1-4507-BD87-F417B0589A5A}.Release|Any CPU.Build.0 = Release|Any CPU
	EndGlobalSection
	GlobalSection(SolutionProperties) = preSolution
		HideSolutionNode = FALSE
	EndGlobalSection
	GlobalSection(NestedProjects) = preSolution
		{EA926B3A-5A67-4AA1-94D9-FD7D5E9EB33D} = {2EFE48D3-9618-46FB-BFE7-59AE9B7FFD14}
	EndGlobalSection
EndGlobal
