
Microsoft Visual Studio Solution File, Format Version 10.00
# Visual Studio 2008
Project("{FAE04EC0-301F-11D3-BF4B-00C04F79EFBC}") = "Common", "Common\Common.csproj", "{1794FDAB-5334-4F7A-B285-32A6077E089A}"
EndProject
Project("{FAE04EC0-301F-11D3-BF4B-00C04F79EFBC}") = "DBO", "DBO\DBO.csproj", "{B947172C-9EEE-48AB-BD0B-43E21CCB05B0}"
EndProject
Global
	GlobalSection(SolutionConfigurationPlatforms) = preSolution
		Debug|Any CPU = Debug|Any CPU
		Release|Any CPU = Release|Any CPU
	EndGlobalSection
	GlobalSection(ProjectConfigurationPlatforms) = postSolution
		{1794FDAB-5334-4F7A-B285-32A6077E089A}.Debug|Any CPU.ActiveCfg = Debug|Any CPU
		{1794FDAB-5334-4F7A-B285-32A6077E089A}.Debug|Any CPU.Build.0 = Debug|Any CPU
		{1794FDAB-5334-4F7A-B285-32A6077E089A}.Release|Any CPU.ActiveCfg = Release|Any CPU
		{1794FDAB-5334-4F7A-B285-32A6077E089A}.Release|Any CPU.Build.0 = Release|Any CPU
		{B947172C-9EEE-48AB-BD0B-43E21CCB05B0}.Debug|Any CPU.ActiveCfg = Debug|Any CPU
		{B947172C-9EEE-48AB-BD0B-43E21CCB05B0}.Debug|Any CPU.Build.0 = Debug|Any CPU
		{B947172C-9EEE-48AB-BD0B-43E21CCB05B0}.Release|Any CPU.ActiveCfg = Release|Any CPU
		{B947172C-9EEE-48AB-BD0B-43E21CCB05B0}.Release|Any CPU.Build.0 = Release|Any CPU
	EndGlobalSection
	GlobalSection(SolutionProperties) = preSolution
		HideSolutionNode = FALSE
	EndGlobalSection
EndGlobal
