
Microsoft Visual Studio Solution File, Format Version 12.00
# Visual Studio 2013
VisualStudioVersion = 12.0.21005.1
MinimumVisualStudioVersion = 10.0.40219.1
Project("{FAE04EC0-301F-11D3-BF4B-00C04F79EFBC}") = "Web", "Web\Web.csproj", "{64BCDFE6-071C-45FC-9278-5CF1A7BD95C9}"
EndProject
Project("{FAE04EC0-301F-11D3-BF4B-00C04F79EFBC}") = "Dao", "Dao\Dao.csproj", "{32C43C15-CDF1-4180-BD7C-54FA15CFA125}"
EndProject
Global
	GlobalSection(SolutionConfigurationPlatforms) = preSolution
		Debug|Any CPU = Debug|Any CPU
		Release|Any CPU = Release|Any CPU
	EndGlobalSection
	GlobalSection(ProjectConfigurationPlatforms) = postSolution
		{64BCDFE6-071C-45FC-9278-5CF1A7BD95C9}.Debug|Any CPU.ActiveCfg = Debug|Any CPU
		{64BCDFE6-071C-45FC-9278-5CF1A7BD95C9}.Debug|Any CPU.Build.0 = Debug|Any CPU
		{64BCDFE6-071C-45FC-9278-5CF1A7BD95C9}.Release|Any CPU.ActiveCfg = Release|Any CPU
		{64BCDFE6-071C-45FC-9278-5CF1A7BD95C9}.Release|Any CPU.Build.0 = Release|Any CPU
		{32C43C15-CDF1-4180-BD7C-54FA15CFA125}.Debug|Any CPU.ActiveCfg = Debug|Any CPU
		{32C43C15-CDF1-4180-BD7C-54FA15CFA125}.Debug|Any CPU.Build.0 = Debug|Any CPU
		{32C43C15-CDF1-4180-BD7C-54FA15CFA125}.Release|Any CPU.ActiveCfg = Release|Any CPU
		{32C43C15-CDF1-4180-BD7C-54FA15CFA125}.Release|Any CPU.Build.0 = Release|Any CPU
	EndGlobalSection
	GlobalSection(SolutionProperties) = preSolution
		HideSolutionNode = FALSE
	EndGlobalSection
EndGlobal
