
Microsoft Visual Studio Solution File, Format Version 11.00
# Visual Studio 2010
Project("{FAE04EC0-301F-11D3-BF4B-00C04F79EFBC}") = "AreasDemo2", "AreasDemo2\AreasDemo2.csproj", "{C1459D4F-3FCE-4794-A6DB-2D6CFC7BE71E}"
EndProject
Project("{FAE04EC0-301F-11D3-BF4B-00C04F79EFBC}") = "AreasDemo.Admin", "AreasDemo.Admin\AreasDemo.Admin.csproj", "{0BA7E222-2CA6-4143-BD69-134612549FD1}"
EndProject
Global
	GlobalSection(SolutionConfigurationPlatforms) = preSolution
		Debug|Any CPU = Debug|Any CPU
		Release|Any CPU = Release|Any CPU
	EndGlobalSection
	GlobalSection(ProjectConfigurationPlatforms) = postSolution
		{C1459D4F-3FCE-4794-A6DB-2D6CFC7BE71E}.Debug|Any CPU.ActiveCfg = Debug|Any CPU
		{C1459D4F-3FCE-4794-A6DB-2D6CFC7BE71E}.Debug|Any CPU.Build.0 = Debug|Any CPU
		{C1459D4F-3FCE-4794-A6DB-2D6CFC7BE71E}.Release|Any CPU.ActiveCfg = Release|Any CPU
		{C1459D4F-3FCE-4794-A6DB-2D6CFC7BE71E}.Release|Any CPU.Build.0 = Release|Any CPU
		{0BA7E222-2CA6-4143-BD69-134612549FD1}.Debug|Any CPU.ActiveCfg = Debug|Any CPU
		{0BA7E222-2CA6-4143-BD69-134612549FD1}.Debug|Any CPU.Build.0 = Debug|Any CPU
		{0BA7E222-2CA6-4143-BD69-134612549FD1}.Release|Any CPU.ActiveCfg = Release|Any CPU
		{0BA7E222-2CA6-4143-BD69-134612549FD1}.Release|Any CPU.Build.0 = Release|Any CPU
	EndGlobalSection
	GlobalSection(SolutionProperties) = preSolution
		HideSolutionNode = FALSE
	EndGlobalSection
EndGlobal
