
Microsoft Visual Studio Solution File, Format Version 11.00
# Visual Studio 2010
Project("{FAE04EC0-301F-11D3-BF4B-00C04F79EFBC}") = "LinqAddDeleteUpdate", "LinqAddDeleteUpdate\LinqAddDeleteUpdate.csproj", "{CEB63B9F-F2B4-45E0-A166-C244730E3122}"
EndProject
Project("{FAE04EC0-301F-11D3-BF4B-00C04F79EFBC}") = "LinqSelect", "LinqSelect\LinqSelect.csproj", "{E6416423-5A17-4DCB-B24C-A152EBA02E25}"
EndProject
Project("{FAE04EC0-301F-11D3-BF4B-00C04F79EFBC}") = "LinqToProc", "LinqToProc\LinqToProc.csproj", "{F0557FB8-E65F-4720-A4BD-610A76280640}"
EndProject
Project("{FAE04EC0-301F-11D3-BF4B-00C04F79EFBC}") = "LinqToFeature", "LinqToFeature\LinqToFeature.csproj", "{07E8130A-1064-44CB-97F5-683FE3A322E7}"
EndProject
Project("{FAE04EC0-301F-11D3-BF4B-00C04F79EFBC}") = "LinqToConcurrentWithTransaction", "LinqToConcurrentWithTransaction\LinqToConcurrentWithTransaction.csproj", "{F03C1372-63EC-4234-B396-F52EFE8BDC90}"
EndProject
Project("{FAE04EC0-301F-11D3-BF4B-00C04F79EFBC}") = "LinqToJoinSelect", "LinqToJoinSelect\LinqToJoinSelect.csproj", "{19EF4999-D689-4C9D-8653-B796C53A3572}"
EndProject
Global
	GlobalSection(SolutionConfigurationPlatforms) = preSolution
		Debug|Any CPU = Debug|Any CPU
		Debug|Mixed Platforms = Debug|Mixed Platforms
		Debug|x86 = Debug|x86
		Release|Any CPU = Release|Any CPU
		Release|Mixed Platforms = Release|Mixed Platforms
		Release|x86 = Release|x86
	EndGlobalSection
	GlobalSection(ProjectConfigurationPlatforms) = postSolution
		{CEB63B9F-F2B4-45E0-A166-C244730E3122}.Debug|Any CPU.ActiveCfg = Debug|Any CPU
		{CEB63B9F-F2B4-45E0-A166-C244730E3122}.Debug|Any CPU.Build.0 = Debug|Any CPU
		{CEB63B9F-F2B4-45E0-A166-C244730E3122}.Debug|Mixed Platforms.ActiveCfg = Debug|Any CPU
		{CEB63B9F-F2B4-45E0-A166-C244730E3122}.Debug|Mixed Platforms.Build.0 = Debug|Any CPU
		{CEB63B9F-F2B4-45E0-A166-C244730E3122}.Debug|x86.ActiveCfg = Debug|Any CPU
		{CEB63B9F-F2B4-45E0-A166-C244730E3122}.Release|Any CPU.ActiveCfg = Release|Any CPU
		{CEB63B9F-F2B4-45E0-A166-C244730E3122}.Release|Any CPU.Build.0 = Release|Any CPU
		{CEB63B9F-F2B4-45E0-A166-C244730E3122}.Release|Mixed Platforms.ActiveCfg = Release|Any CPU
		{CEB63B9F-F2B4-45E0-A166-C244730E3122}.Release|Mixed Platforms.Build.0 = Release|Any CPU
		{CEB63B9F-F2B4-45E0-A166-C244730E3122}.Release|x86.ActiveCfg = Release|Any CPU
		{E6416423-5A17-4DCB-B24C-A152EBA02E25}.Debug|Any CPU.ActiveCfg = Debug|Any CPU
		{E6416423-5A17-4DCB-B24C-A152EBA02E25}.Debug|Any CPU.Build.0 = Debug|Any CPU
		{E6416423-5A17-4DCB-B24C-A152EBA02E25}.Debug|Mixed Platforms.ActiveCfg = Debug|Any CPU
		{E6416423-5A17-4DCB-B24C-A152EBA02E25}.Debug|Mixed Platforms.Build.0 = Debug|Any CPU
		{E6416423-5A17-4DCB-B24C-A152EBA02E25}.Debug|x86.ActiveCfg = Debug|Any CPU
		{E6416423-5A17-4DCB-B24C-A152EBA02E25}.Release|Any CPU.ActiveCfg = Release|Any CPU
		{E6416423-5A17-4DCB-B24C-A152EBA02E25}.Release|Any CPU.Build.0 = Release|Any CPU
		{E6416423-5A17-4DCB-B24C-A152EBA02E25}.Release|Mixed Platforms.ActiveCfg = Release|Any CPU
		{E6416423-5A17-4DCB-B24C-A152EBA02E25}.Release|Mixed Platforms.Build.0 = Release|Any CPU
		{E6416423-5A17-4DCB-B24C-A152EBA02E25}.Release|x86.ActiveCfg = Release|Any CPU
		{F0557FB8-E65F-4720-A4BD-610A76280640}.Debug|Any CPU.ActiveCfg = Debug|Any CPU
		{F0557FB8-E65F-4720-A4BD-610A76280640}.Debug|Any CPU.Build.0 = Debug|Any CPU
		{F0557FB8-E65F-4720-A4BD-610A76280640}.Debug|Mixed Platforms.ActiveCfg = Debug|Any CPU
		{F0557FB8-E65F-4720-A4BD-610A76280640}.Debug|Mixed Platforms.Build.0 = Debug|Any CPU
		{F0557FB8-E65F-4720-A4BD-610A76280640}.Debug|x86.ActiveCfg = Debug|Any CPU
		{F0557FB8-E65F-4720-A4BD-610A76280640}.Release|Any CPU.ActiveCfg = Release|Any CPU
		{F0557FB8-E65F-4720-A4BD-610A76280640}.Release|Any CPU.Build.0 = Release|Any CPU
		{F0557FB8-E65F-4720-A4BD-610A76280640}.Release|Mixed Platforms.ActiveCfg = Release|Any CPU
		{F0557FB8-E65F-4720-A4BD-610A76280640}.Release|Mixed Platforms.Build.0 = Release|Any CPU
		{F0557FB8-E65F-4720-A4BD-610A76280640}.Release|x86.ActiveCfg = Release|Any CPU
		{07E8130A-1064-44CB-97F5-683FE3A322E7}.Debug|Any CPU.ActiveCfg = Debug|Any CPU
		{07E8130A-1064-44CB-97F5-683FE3A322E7}.Debug|Any CPU.Build.0 = Debug|Any CPU
		{07E8130A-1064-44CB-97F5-683FE3A322E7}.Debug|Mixed Platforms.ActiveCfg = Debug|Any CPU
		{07E8130A-1064-44CB-97F5-683FE3A322E7}.Debug|Mixed Platforms.Build.0 = Debug|Any CPU
		{07E8130A-1064-44CB-97F5-683FE3A322E7}.Debug|x86.ActiveCfg = Debug|Any CPU
		{07E8130A-1064-44CB-97F5-683FE3A322E7}.Release|Any CPU.ActiveCfg = Release|Any CPU
		{07E8130A-1064-44CB-97F5-683FE3A322E7}.Release|Any CPU.Build.0 = Release|Any CPU
		{07E8130A-1064-44CB-97F5-683FE3A322E7}.Release|Mixed Platforms.ActiveCfg = Release|Any CPU
		{07E8130A-1064-44CB-97F5-683FE3A322E7}.Release|Mixed Platforms.Build.0 = Release|Any CPU
		{07E8130A-1064-44CB-97F5-683FE3A322E7}.Release|x86.ActiveCfg = Release|Any CPU
		{F03C1372-63EC-4234-B396-F52EFE8BDC90}.Debug|Any CPU.ActiveCfg = Debug|Any CPU
		{F03C1372-63EC-4234-B396-F52EFE8BDC90}.Debug|Any CPU.Build.0 = Debug|Any CPU
		{F03C1372-63EC-4234-B396-F52EFE8BDC90}.Debug|Mixed Platforms.ActiveCfg = Debug|Any CPU
		{F03C1372-63EC-4234-B396-F52EFE8BDC90}.Debug|Mixed Platforms.Build.0 = Debug|Any CPU
		{F03C1372-63EC-4234-B396-F52EFE8BDC90}.Debug|x86.ActiveCfg = Debug|Any CPU
		{F03C1372-63EC-4234-B396-F52EFE8BDC90}.Release|Any CPU.ActiveCfg = Release|Any CPU
		{F03C1372-63EC-4234-B396-F52EFE8BDC90}.Release|Any CPU.Build.0 = Release|Any CPU
		{F03C1372-63EC-4234-B396-F52EFE8BDC90}.Release|Mixed Platforms.ActiveCfg = Release|Any CPU
		{F03C1372-63EC-4234-B396-F52EFE8BDC90}.Release|Mixed Platforms.Build.0 = Release|Any CPU
		{F03C1372-63EC-4234-B396-F52EFE8BDC90}.Release|x86.ActiveCfg = Release|Any CPU
		{19EF4999-D689-4C9D-8653-B796C53A3572}.Debug|Any CPU.ActiveCfg = Debug|x86
		{19EF4999-D689-4C9D-8653-B796C53A3572}.Debug|Mixed Platforms.ActiveCfg = Debug|x86
		{19EF4999-D689-4C9D-8653-B796C53A3572}.Debug|Mixed Platforms.Build.0 = Debug|x86
		{19EF4999-D689-4C9D-8653-B796C53A3572}.Debug|x86.ActiveCfg = Debug|x86
		{19EF4999-D689-4C9D-8653-B796C53A3572}.Debug|x86.Build.0 = Debug|x86
		{19EF4999-D689-4C9D-8653-B796C53A3572}.Release|Any CPU.ActiveCfg = Release|x86
		{19EF4999-D689-4C9D-8653-B796C53A3572}.Release|Mixed Platforms.ActiveCfg = Release|x86
		{19EF4999-D689-4C9D-8653-B796C53A3572}.Release|Mixed Platforms.Build.0 = Release|x86
		{19EF4999-D689-4C9D-8653-B796C53A3572}.Release|x86.ActiveCfg = Release|x86
		{19EF4999-D689-4C9D-8653-B796C53A3572}.Release|x86.Build.0 = Release|x86
	EndGlobalSection
	GlobalSection(SolutionProperties) = preSolution
		HideSolutionNode = FALSE
	EndGlobalSection
EndGlobal
