
Microsoft Visual Studio Solution File, Format Version 11.00
# Visual Studio 2010
Project("{FAE04EC0-301F-11D3-BF4B-00C04F79EFBC}") = "CQRS", "CQRS\CQRS.csproj", "{23DD2850-B431-4C80-821A-1C052BD5CF2F}"
EndProject
Project("{FAE04EC0-301F-11D3-BF4B-00C04F79EFBC}") = "CQRS.Sample", "CQRS.Sample\CQRS.Sample.csproj", "{12FD0CE3-24B2-44F8-A67C-7C9A814A55D7}"
EndProject
Project("{2150E333-8FDC-42A3-9474-1A3956D46DE8}") = "DB Scripts", "DB Scripts", "{D6ADE7E1-B27C-4671-84C7-7DF4AEA35A22}"
	ProjectSection(SolutionItems) = preProject
		database\tables.sql = database\tables.sql
	EndProjectSection
EndProject
Project("{FAE04EC0-301F-11D3-BF4B-00C04F79EFBC}") = "CQRS.Sample.Web", "CQRS.Sample.Web\CQRS.Sample.Web.csproj", "{99758D3A-5E09-4532-A665-CF3D0326C845}"
EndProject
Global
	GlobalSection(SolutionConfigurationPlatforms) = preSolution
		Debug|Any CPU = Debug|Any CPU
		Release|Any CPU = Release|Any CPU
	EndGlobalSection
	GlobalSection(ProjectConfigurationPlatforms) = postSolution
		{23DD2850-B431-4C80-821A-1C052BD5CF2F}.Debug|Any CPU.ActiveCfg = Debug|Any CPU
		{23DD2850-B431-4C80-821A-1C052BD5CF2F}.Debug|Any CPU.Build.0 = Debug|Any CPU
		{23DD2850-B431-4C80-821A-1C052BD5CF2F}.Release|Any CPU.ActiveCfg = Release|Any CPU
		{23DD2850-B431-4C80-821A-1C052BD5CF2F}.Release|Any CPU.Build.0 = Release|Any CPU
		{12FD0CE3-24B2-44F8-A67C-7C9A814A55D7}.Debug|Any CPU.ActiveCfg = Debug|Any CPU
		{12FD0CE3-24B2-44F8-A67C-7C9A814A55D7}.Debug|Any CPU.Build.0 = Debug|Any CPU
		{12FD0CE3-24B2-44F8-A67C-7C9A814A55D7}.Release|Any CPU.ActiveCfg = Release|Any CPU
		{12FD0CE3-24B2-44F8-A67C-7C9A814A55D7}.Release|Any CPU.Build.0 = Release|Any CPU
		{99758D3A-5E09-4532-A665-CF3D0326C845}.Debug|Any CPU.ActiveCfg = Debug|Any CPU
		{99758D3A-5E09-4532-A665-CF3D0326C845}.Debug|Any CPU.Build.0 = Debug|Any CPU
		{99758D3A-5E09-4532-A665-CF3D0326C845}.Release|Any CPU.ActiveCfg = Release|Any CPU
		{99758D3A-5E09-4532-A665-CF3D0326C845}.Release|Any CPU.Build.0 = Release|Any CPU
	EndGlobalSection
	GlobalSection(SolutionProperties) = preSolution
		HideSolutionNode = FALSE
	EndGlobalSection
EndGlobal
