
Microsoft Visual Studio Solution File, Format Version 10.00
# Visual Studio 2008
Project("{FAE04EC0-301F-11D3-BF4B-00C04F79EFBC}") = "Common", "..\Common\Common\Common.csproj", "{1794FDAB-5334-4F7A-B285-32A6077E089A}"
EndProject
Project("{FAE04EC0-301F-11D3-BF4B-00C04F79EFBC}") = "Model", "Model\Model.csproj", "{B4A06D74-7462-4C64-BF24-389754895AFF}"
EndProject
Project("{FAE04EC0-301F-11D3-BF4B-00C04F79EFBC}") = "BLL", "BLL\BLL.csproj", "{3A51A233-A569-472A-BE5C-3ACF44ABB09B}"
EndProject
Project("{FAE04EC0-301F-11D3-BF4B-00C04F79EFBC}") = "DAL", "DAL\DAL.csproj", "{56C3163A-C620-47D5-9536-265089A556F1}"
EndProject
Project("{FAE04EC0-301F-11D3-BF4B-00C04F79EFBC}") = "DBO", "DBO\DBO\DBO.csproj", "{4AA844E8-36EC-4BC7-A951-99A46355A80A}"
EndProject
Project("{E24C65DC-7377-472B-9ABA-BC803B73C61A}") = "czcraft", "czcraft", "{D2B5E946-90CD-41FC-B4A6-5C416AAE2FA1}"
	ProjectSection(WebsiteProperties) = preProject
		TargetFramework = "3.5"
		ProjectReferences = "{3A51A233-A569-472A-BE5C-3ACF44ABB09B}|BLL.dll;{56C3163A-C620-47D5-9536-265089A556F1}|DAL.dll;{B4A06D74-7462-4C64-BF24-389754895AFF}|Model.dll;{4AA844E8-36EC-4BC7-A951-99A46355A80A}|DBO.dll;{1794FDAB-5334-4F7A-B285-32A6077E089A}|Common.dll;{94B13B14-A67A-45B1-973C-7AD6EB1AA88B}|CacheStorage.dll;"
		Debug.AspNetCompiler.VirtualPath = "/czcraft"
		Debug.AspNetCompiler.PhysicalPath = "czcraft\"
		Debug.AspNetCompiler.TargetPath = "PrecompiledWeb\czcraft\"
		Debug.AspNetCompiler.Updateable = "true"
		Debug.AspNetCompiler.ForceOverwrite = "true"
		Debug.AspNetCompiler.FixedNames = "false"
		Debug.AspNetCompiler.Debug = "True"
		Release.AspNetCompiler.VirtualPath = "/czcraft"
		Release.AspNetCompiler.PhysicalPath = "czcraft\"
		Release.AspNetCompiler.TargetPath = "PrecompiledWeb\czcraft\"
		Release.AspNetCompiler.Updateable = "true"
		Release.AspNetCompiler.ForceOverwrite = "true"
		Release.AspNetCompiler.FixedNames = "false"
		Release.AspNetCompiler.Debug = "False"
		VWDPort = "2582"
		VWDVirtualPath = "/"
		StartServerOnDebug = "true"
	EndProjectSection
EndProject
Project("{FAE04EC0-301F-11D3-BF4B-00C04F79EFBC}") = "CacheStorage", "CacheStorage\CacheStorage.csproj", "{94B13B14-A67A-45B1-973C-7AD6EB1AA88B}"
EndProject
Global
	GlobalSection(SolutionConfigurationPlatforms) = preSolution
		Debug|.NET = Debug|.NET
		Debug|Any CPU = Debug|Any CPU
		Debug|Mixed Platforms = Debug|Mixed Platforms
		Release|.NET = Release|.NET
		Release|Any CPU = Release|Any CPU
		Release|Mixed Platforms = Release|Mixed Platforms
	EndGlobalSection
	GlobalSection(ProjectConfigurationPlatforms) = postSolution
		{1794FDAB-5334-4F7A-B285-32A6077E089A}.Debug|.NET.ActiveCfg = Debug|Any CPU
		{1794FDAB-5334-4F7A-B285-32A6077E089A}.Debug|Any CPU.ActiveCfg = Debug|Any CPU
		{1794FDAB-5334-4F7A-B285-32A6077E089A}.Debug|Any CPU.Build.0 = Debug|Any CPU
		{1794FDAB-5334-4F7A-B285-32A6077E089A}.Debug|Mixed Platforms.ActiveCfg = Debug|Any CPU
		{1794FDAB-5334-4F7A-B285-32A6077E089A}.Debug|Mixed Platforms.Build.0 = Debug|Any CPU
		{1794FDAB-5334-4F7A-B285-32A6077E089A}.Release|.NET.ActiveCfg = Release|Any CPU
		{1794FDAB-5334-4F7A-B285-32A6077E089A}.Release|Any CPU.ActiveCfg = Release|Any CPU
		{1794FDAB-5334-4F7A-B285-32A6077E089A}.Release|Any CPU.Build.0 = Release|Any CPU
		{1794FDAB-5334-4F7A-B285-32A6077E089A}.Release|Mixed Platforms.ActiveCfg = Release|Any CPU
		{1794FDAB-5334-4F7A-B285-32A6077E089A}.Release|Mixed Platforms.Build.0 = Release|Any CPU
		{B4A06D74-7462-4C64-BF24-389754895AFF}.Debug|.NET.ActiveCfg = Debug|Any CPU
		{B4A06D74-7462-4C64-BF24-389754895AFF}.Debug|Any CPU.ActiveCfg = Debug|Any CPU
		{B4A06D74-7462-4C64-BF24-389754895AFF}.Debug|Any CPU.Build.0 = Debug|Any CPU
		{B4A06D74-7462-4C64-BF24-389754895AFF}.Debug|Mixed Platforms.ActiveCfg = Debug|Any CPU
		{B4A06D74-7462-4C64-BF24-389754895AFF}.Debug|Mixed Platforms.Build.0 = Debug|Any CPU
		{B4A06D74-7462-4C64-BF24-389754895AFF}.Release|.NET.ActiveCfg = Release|Any CPU
		{B4A06D74-7462-4C64-BF24-389754895AFF}.Release|Any CPU.ActiveCfg = Release|Any CPU
		{B4A06D74-7462-4C64-BF24-389754895AFF}.Release|Any CPU.Build.0 = Release|Any CPU
		{B4A06D74-7462-4C64-BF24-389754895AFF}.Release|Mixed Platforms.ActiveCfg = Release|Any CPU
		{B4A06D74-7462-4C64-BF24-389754895AFF}.Release|Mixed Platforms.Build.0 = Release|Any CPU
		{3A51A233-A569-472A-BE5C-3ACF44ABB09B}.Debug|.NET.ActiveCfg = Debug|Any CPU
		{3A51A233-A569-472A-BE5C-3ACF44ABB09B}.Debug|Any CPU.ActiveCfg = Debug|Any CPU
		{3A51A233-A569-472A-BE5C-3ACF44ABB09B}.Debug|Any CPU.Build.0 = Debug|Any CPU
		{3A51A233-A569-472A-BE5C-3ACF44ABB09B}.Debug|Mixed Platforms.ActiveCfg = Debug|Any CPU
		{3A51A233-A569-472A-BE5C-3ACF44ABB09B}.Debug|Mixed Platforms.Build.0 = Debug|Any CPU
		{3A51A233-A569-472A-BE5C-3ACF44ABB09B}.Release|.NET.ActiveCfg = Release|Any CPU
		{3A51A233-A569-472A-BE5C-3ACF44ABB09B}.Release|Any CPU.ActiveCfg = Release|Any CPU
		{3A51A233-A569-472A-BE5C-3ACF44ABB09B}.Release|Any CPU.Build.0 = Release|Any CPU
		{3A51A233-A569-472A-BE5C-3ACF44ABB09B}.Release|Mixed Platforms.ActiveCfg = Release|Any CPU
		{3A51A233-A569-472A-BE5C-3ACF44ABB09B}.Release|Mixed Platforms.Build.0 = Release|Any CPU
		{56C3163A-C620-47D5-9536-265089A556F1}.Debug|.NET.ActiveCfg = Debug|Any CPU
		{56C3163A-C620-47D5-9536-265089A556F1}.Debug|Any CPU.ActiveCfg = Debug|Any CPU
		{56C3163A-C620-47D5-9536-265089A556F1}.Debug|Any CPU.Build.0 = Debug|Any CPU
		{56C3163A-C620-47D5-9536-265089A556F1}.Debug|Mixed Platforms.ActiveCfg = Debug|Any CPU
		{56C3163A-C620-47D5-9536-265089A556F1}.Debug|Mixed Platforms.Build.0 = Debug|Any CPU
		{56C3163A-C620-47D5-9536-265089A556F1}.Release|.NET.ActiveCfg = Release|Any CPU
		{56C3163A-C620-47D5-9536-265089A556F1}.Release|Any CPU.ActiveCfg = Release|Any CPU
		{56C3163A-C620-47D5-9536-265089A556F1}.Release|Any CPU.Build.0 = Release|Any CPU
		{56C3163A-C620-47D5-9536-265089A556F1}.Release|Mixed Platforms.ActiveCfg = Release|Any CPU
		{56C3163A-C620-47D5-9536-265089A556F1}.Release|Mixed Platforms.Build.0 = Release|Any CPU
		{4AA844E8-36EC-4BC7-A951-99A46355A80A}.Debug|.NET.ActiveCfg = Debug|Any CPU
		{4AA844E8-36EC-4BC7-A951-99A46355A80A}.Debug|Any CPU.ActiveCfg = Debug|Any CPU
		{4AA844E8-36EC-4BC7-A951-99A46355A80A}.Debug|Any CPU.Build.0 = Debug|Any CPU
		{4AA844E8-36EC-4BC7-A951-99A46355A80A}.Debug|Mixed Platforms.ActiveCfg = Debug|Any CPU
		{4AA844E8-36EC-4BC7-A951-99A46355A80A}.Debug|Mixed Platforms.Build.0 = Debug|Any CPU
		{4AA844E8-36EC-4BC7-A951-99A46355A80A}.Release|.NET.ActiveCfg = Release|Any CPU
		{4AA844E8-36EC-4BC7-A951-99A46355A80A}.Release|Any CPU.ActiveCfg = Release|Any CPU
		{4AA844E8-36EC-4BC7-A951-99A46355A80A}.Release|Any CPU.Build.0 = Release|Any CPU
		{4AA844E8-36EC-4BC7-A951-99A46355A80A}.Release|Mixed Platforms.ActiveCfg = Release|Any CPU
		{4AA844E8-36EC-4BC7-A951-99A46355A80A}.Release|Mixed Platforms.Build.0 = Release|Any CPU
		{D2B5E946-90CD-41FC-B4A6-5C416AAE2FA1}.Debug|.NET.ActiveCfg = Debug|.NET
		{D2B5E946-90CD-41FC-B4A6-5C416AAE2FA1}.Debug|.NET.Build.0 = Debug|.NET
		{D2B5E946-90CD-41FC-B4A6-5C416AAE2FA1}.Debug|Any CPU.ActiveCfg = Debug|.NET
		{D2B5E946-90CD-41FC-B4A6-5C416AAE2FA1}.Debug|Mixed Platforms.ActiveCfg = Debug|.NET
		{D2B5E946-90CD-41FC-B4A6-5C416AAE2FA1}.Debug|Mixed Platforms.Build.0 = Debug|.NET
		{D2B5E946-90CD-41FC-B4A6-5C416AAE2FA1}.Release|.NET.ActiveCfg = Debug|.NET
		{D2B5E946-90CD-41FC-B4A6-5C416AAE2FA1}.Release|.NET.Build.0 = Debug|.NET
		{D2B5E946-90CD-41FC-B4A6-5C416AAE2FA1}.Release|Any CPU.ActiveCfg = Debug|.NET
		{D2B5E946-90CD-41FC-B4A6-5C416AAE2FA1}.Release|Mixed Platforms.ActiveCfg = Debug|.NET
		{D2B5E946-90CD-41FC-B4A6-5C416AAE2FA1}.Release|Mixed Platforms.Build.0 = Debug|.NET
		{94B13B14-A67A-45B1-973C-7AD6EB1AA88B}.Debug|.NET.ActiveCfg = Debug|Any CPU
		{94B13B14-A67A-45B1-973C-7AD6EB1AA88B}.Debug|Any CPU.ActiveCfg = Debug|Any CPU
		{94B13B14-A67A-45B1-973C-7AD6EB1AA88B}.Debug|Any CPU.Build.0 = Debug|Any CPU
		{94B13B14-A67A-45B1-973C-7AD6EB1AA88B}.Debug|Mixed Platforms.ActiveCfg = Debug|Any CPU
		{94B13B14-A67A-45B1-973C-7AD6EB1AA88B}.Debug|Mixed Platforms.Build.0 = Debug|Any CPU
		{94B13B14-A67A-45B1-973C-7AD6EB1AA88B}.Release|.NET.ActiveCfg = Release|Any CPU
		{94B13B14-A67A-45B1-973C-7AD6EB1AA88B}.Release|Any CPU.ActiveCfg = Release|Any CPU
		{94B13B14-A67A-45B1-973C-7AD6EB1AA88B}.Release|Any CPU.Build.0 = Release|Any CPU
		{94B13B14-A67A-45B1-973C-7AD6EB1AA88B}.Release|Mixed Platforms.ActiveCfg = Release|Any CPU
		{94B13B14-A67A-45B1-973C-7AD6EB1AA88B}.Release|Mixed Platforms.Build.0 = Release|Any CPU
	EndGlobalSection
	GlobalSection(SolutionProperties) = preSolution
		HideSolutionNode = FALSE
	EndGlobalSection
EndGlobal
